
Microsoft Visual Studio Solution File, Format Version 12.00
# Visual Studio Version 16
VisualStudioVersion = 16.0.32413.511
MinimumVisualStudioVersion = 10.0.40219.1
Project("{FAE04EC0-301F-11D3-BF4B-00C04F79EFBC}") = "Inventory(Course)", "Inventory(Course)\Inventory(Course).csproj", "{F81CB2D8-E465-47EB-BBD5-0C94BD21BEBD}"
EndProject
Project("{FAE04EC0-301F-11D3-BF4B-00C04F79EFBC}") = "Entities", "Entities\Entities.csproj", "{B1456C3C-00C9-4FD3-8ACD-B35164F3AE5F}"
EndProject
Global
	GlobalSection(SolutionConfigurationPlatforms) = preSolution
		Debug|Any CPU = Debug|Any CPU
		Release|Any CPU = Release|Any CPU
	EndGlobalSection
	GlobalSection(ProjectConfigurationPlatforms) = postSolution
		{F81CB2D8-E465-47EB-BBD5-0C94BD21BEBD}.Debug|Any CPU.ActiveCfg = Debug|Any CPU
		{F81CB2D8-E465-47EB-BBD5-0C94BD21BEBD}.Debug|Any CPU.Build.0 = Debug|Any CPU
		{F81CB2D8-E465-47EB-BBD5-0C94BD21BEBD}.Release|Any CPU.ActiveCfg = Release|Any CPU
		{F81CB2D8-E465-47EB-BBD5-0C94BD21BEBD}.Release|Any CPU.Build.0 = Release|Any CPU
		{B1456C3C-00C9-4FD3-8ACD-B35164F3AE5F}.Debug|Any CPU.ActiveCfg = Debug|Any CPU
		{B1456C3C-00C9-4FD3-8ACD-B35164F3AE5F}.Debug|Any CPU.Build.0 = Debug|Any CPU
		{B1456C3C-00C9-4FD3-8ACD-B35164F3AE5F}.Release|Any CPU.ActiveCfg = Release|Any CPU
		{B1456C3C-00C9-4FD3-8ACD-B35164F3AE5F}.Release|Any CPU.Build.0 = Release|Any CPU
	EndGlobalSection
	GlobalSection(SolutionProperties) = preSolution
		HideSolutionNode = FALSE
	EndGlobalSection
	GlobalSection(ExtensibilityGlobals) = postSolution
		SolutionGuid = {0550F4BC-19E3-48E5-ABEE-A54E7E19E273}
	EndGlobalSection
EndGlobal
